
Microsoft Visual Studio Solution File, Format Version 12.00
# Visual Studio 15
VisualStudioVersion = 15.0.28307.1062
MinimumVisualStudioVersion = 10.0.40219.1
Project("{FAE04EC0-301F-11D3-BF4B-00C04F79EFBC}") = "OOPSTOK", "OOPSTOK\OOPSTOK.csproj", "{F9282B89-41AB-4509-88FF-797F77C3A350}"
EndProject
Project("{FAE04EC0-301F-11D3-BF4B-00C04F79EFBC}") = "ENTITYLAYER", "ENTITYLAYER\ENTITYLAYER.csproj", "{C53F090E-CC50-4F7C-A5D2-D31F6040151A}"
EndProject
Project("{FAE04EC0-301F-11D3-BF4B-00C04F79EFBC}") = "DATAACCESSLAYER", "DATAACCESSLAYER\DATAACCESSLAYER.csproj", "{D30FEAB3-3CB8-4A4F-BD16-8F278638C4A9}"
EndProject
Project("{FAE04EC0-301F-11D3-BF4B-00C04F79EFBC}") = "BUSINESSLOGICLAYER", "BUSINESSLOGICLAYER\BUSINESSLOGICLAYER.csproj", "{CA0246C9-3D6F-4FFD-AE3B-7DD52D05A0AE}"
EndProject
Global
	GlobalSection(SolutionConfigurationPlatforms) = preSolution
		Debug|Any CPU = Debug|Any CPU
		Release|Any CPU = Release|Any CPU
	EndGlobalSection
	GlobalSection(ProjectConfigurationPlatforms) = postSolution
		{F9282B89-41AB-4509-88FF-797F77C3A350}.Debug|Any CPU.ActiveCfg = Debug|Any CPU
		{F9282B89-41AB-4509-88FF-797F77C3A350}.Debug|Any CPU.Build.0 = Debug|Any CPU
		{F9282B89-41AB-4509-88FF-797F77C3A350}.Release|Any CPU.ActiveCfg = Release|Any CPU
		{F9282B89-41AB-4509-88FF-797F77C3A350}.Release|Any CPU.Build.0 = Release|Any CPU
		{C53F090E-CC50-4F7C-A5D2-D31F6040151A}.Debug|Any CPU.ActiveCfg = Debug|Any CPU
		{C53F090E-CC50-4F7C-A5D2-D31F6040151A}.Debug|Any CPU.Build.0 = Debug|Any CPU
		{C53F090E-CC50-4F7C-A5D2-D31F6040151A}.Release|Any CPU.ActiveCfg = Release|Any CPU
		{C53F090E-CC50-4F7C-A5D2-D31F6040151A}.Release|Any CPU.Build.0 = Release|Any CPU
		{D30FEAB3-3CB8-4A4F-BD16-8F278638C4A9}.Debug|Any CPU.ActiveCfg = Debug|Any CPU
		{D30FEAB3-3CB8-4A4F-BD16-8F278638C4A9}.Debug|Any CPU.Build.0 = Debug|Any CPU
		{D30FEAB3-3CB8-4A4F-BD16-8F278638C4A9}.Release|Any CPU.ActiveCfg = Release|Any CPU
		{D30FEAB3-3CB8-4A4F-BD16-8F278638C4A9}.Release|Any CPU.Build.0 = Release|Any CPU
		{CA0246C9-3D6F-4FFD-AE3B-7DD52D05A0AE}.Debug|Any CPU.ActiveCfg = Debug|Any CPU
		{CA0246C9-3D6F-4FFD-AE3B-7DD52D05A0AE}.Debug|Any CPU.Build.0 = Debug|Any CPU
		{CA0246C9-3D6F-4FFD-AE3B-7DD52D05A0AE}.Release|Any CPU.ActiveCfg = Release|Any CPU
		{CA0246C9-3D6F-4FFD-AE3B-7DD52D05A0AE}.Release|Any CPU.Build.0 = Release|Any CPU
	EndGlobalSection
	GlobalSection(SolutionProperties) = preSolution
		HideSolutionNode = FALSE
	EndGlobalSection
	GlobalSection(ExtensibilityGlobals) = postSolution
		SolutionGuid = {38AEB0CF-BA92-4046-A431-39A72EB244C8}
	EndGlobalSection
EndGlobal
